
Microsoft Visual Studio Solution File, Format Version 12.00
# Visual Studio Version 17
VisualStudioVersion = 17.14.36804.6 d17.14
MinimumVisualStudioVersion = 10.0.40219.1
Project("{FAE04EC0-301F-11D3-BF4B-00C04F79EFBC}") = "GraphLibrary", "..\GraphLibrary\GraphLibrary.csproj", "{1DC6C4AF-5C6C-4820-B2BB-8473F89519AE}"
EndProject
Project("{FAE04EC0-301F-11D3-BF4B-00C04F79EFBC}") = "GraphLibraryTests", "..\GraphLibraryTests\GraphLibraryTests.csproj", "{382FAA68-DB9F-4FF1-B6EA-6ABECE7A2F0F}"
EndProject
Project("{FAE04EC0-301F-11D3-BF4B-00C04F79EFBC}") = "GraphApp", "..\GraphApp\GraphApp.csproj", "{BDA8BE46-2531-48FE-BCBA-956BE55BE5D9}"
EndProject
Global
	GlobalSection(SolutionConfigurationPlatforms) = preSolution
		Debug|Any CPU = Debug|Any CPU
		Release|Any CPU = Release|Any CPU
	EndGlobalSection
	GlobalSection(ProjectConfigurationPlatforms) = postSolution
		{1DC6C4AF-5C6C-4820-B2BB-8473F89519AE}.Debug|Any CPU.ActiveCfg = Debug|Any CPU
		{1DC6C4AF-5C6C-4820-B2BB-8473F89519AE}.Debug|Any CPU.Build.0 = Debug|Any CPU
		{1DC6C4AF-5C6C-4820-B2BB-8473F89519AE}.Release|Any CPU.ActiveCfg = Release|Any CPU
		{1DC6C4AF-5C6C-4820-B2BB-8473F89519AE}.Release|Any CPU.Build.0 = Release|Any CPU
		{382FAA68-DB9F-4FF1-B6EA-6ABECE7A2F0F}.Debug|Any CPU.ActiveCfg = Debug|Any CPU
		{382FAA68-DB9F-4FF1-B6EA-6ABECE7A2F0F}.Debug|Any CPU.Build.0 = Debug|Any CPU
		{382FAA68-DB9F-4FF1-B6EA-6ABECE7A2F0F}.Release|Any CPU.ActiveCfg = Release|Any CPU
		{382FAA68-DB9F-4FF1-B6EA-6ABECE7A2F0F}.Release|Any CPU.Build.0 = Release|Any CPU
		{BDA8BE46-2531-48FE-BCBA-956BE55BE5D9}.Debug|Any CPU.ActiveCfg = Debug|Any CPU
		{BDA8BE46-2531-48FE-BCBA-956BE55BE5D9}.Debug|Any CPU.Build.0 = Debug|Any CPU
		{BDA8BE46-2531-48FE-BCBA-956BE55BE5D9}.Release|Any CPU.ActiveCfg = Release|Any CPU
		{BDA8BE46-2531-48FE-BCBA-956BE55BE5D9}.Release|Any CPU.Build.0 = Release|Any CPU
	EndGlobalSection
	GlobalSection(SolutionProperties) = preSolution
		HideSolutionNode = FALSE
	EndGlobalSection
	GlobalSection(ExtensibilityGlobals) = postSolution
		SolutionGuid = {D8512698-9C3F-4F1C-A72C-B3AB449C9C15}
	EndGlobalSection
EndGlobal
